<?xml version="1.0" encoding="utf-8"?>
<Project ToolsVersion="4.0" xmlns="http://schemas.microsoft.com/developer/msbuild/2003">
  <ItemGroup>
    <Filter Include="include">
      <UniqueIdentifier>{5b86afdf-93df-4940-bef6-286843feb0ba}</UniqueIdentifier>
    </Filter>
    <Filter Include="include\f1xx">
      <UniqueIdentifier>{05c5079a-0d26-4246-8606-619a2c218ad8}</UniqueIdentifier>
    </Filter>
    <Filter Include="include\g4xx">
      <UniqueIdentifier>{a334169c-21d2-41e2-83c1-40677b4b637c}</UniqueIdentifier>
    </Filter>
    <Filter Include="include\kits">
      <UniqueIdentifier>{cd8d3d17-5854-47ff-be45-9fbff7720d5d}</UniqueIdentifier>
    </Filter>
    <Filter Include="include\l4xx">
      <UniqueIdentifier>{a7ae5496-1db1-47e0-a4f2-568b8604be11}</UniqueIdentifier>
    </Filter>
    <Filter Include="include\shared">
      <UniqueIdentifier>{cc3836db-ce6a-4ec0-8fbc-7cf3c4b65ed6}</UniqueIdentifier>
    </Filter>
  </ItemGroup>
  <ItemGroup>
    <None Include="$(MSBuildThisFileDirectory).gitignore" />
    <None Include="$(MSBuildThisFileDirectory)LICENSE" />
    <None Include="$(MSBuildThisFileDirectory)README.md" />
    <None Include="$(MSBuildThisFileDirectory)include\f1xx\tim_dma_id.inl">
      <Filter>include\f1xx</Filter>
    </None>
    <None Include="$(MSBuildThisFileDirectory)include\l4xx\tim_dma_id.inl">
      <Filter>include\l4xx</Filter>
    </None>
  </ItemGroup>
  <ItemGroup>
    <ClInclude Include="$(MSBuildThisFileDirectory)include\bmt.h">
      <Filter>include</Filter>
    </ClInclude>
    <ClInclude Include="$(MSBuildThisFileDirectory)include\clocks.h">
      <Filter>include</Filter>
    </ClInclude>
    <ClInclude Include="$(MSBuildThisFileDirectory)include\compiler.h">
      <Filter>include</Filter>
    </ClInclude>
    <ClInclude Include="$(MSBuildThisFileDirectory)include\critical_section.h">
      <Filter>include</Filter>
    </ClInclude>
    <ClInclude Include="$(MSBuildThisFileDirectory)include\delay.h">
      <Filter>include</Filter>
    </ClInclude>
    <ClInclude Include="$(MSBuildThisFileDirectory)include\dma.h">
      <Filter>include</Filter>
    </ClInclude>
    <ClInclude Include="$(MSBuildThisFileDirectory)include\exti.h">
      <Filter>include</Filter>
    </ClInclude>
    <ClInclude Include="$(MSBuildThisFileDirectory)include\fifo.h">
      <Filter>include</Filter>
    </ClInclude>
    <ClInclude Include="$(MSBuildThisFileDirectory)include\gpio.h">
      <Filter>include</Filter>
    </ClInclude>
    <ClInclude Include="$(MSBuildThisFileDirectory)include\gpio-utils.h">
      <Filter>include</Filter>
    </ClInclude>
    <ClInclude Include="$(MSBuildThisFileDirectory)include\irq.h">
      <Filter>include</Filter>
    </ClInclude>
    <ClInclude Include="$(MSBuildThisFileDirectory)include\mcu-system.h">
      <Filter>include</Filter>
    </ClInclude>
    <ClInclude Include="$(MSBuildThisFileDirectory)include\otherlibs.h">
      <Filter>include</Filter>
    </ClInclude>
    <ClInclude Include="$(MSBuildThisFileDirectory)include\pinremap.h">
      <Filter>include</Filter>
    </ClInclude>
    <ClInclude Include="$(MSBuildThisFileDirectory)include\power.h">
      <Filter>include</Filter>
    </ClInclude>
    <ClInclude Include="$(MSBuildThisFileDirectory)include\spi.h">
      <Filter>include</Filter>
    </ClInclude>
    <ClInclude Include="$(MSBuildThisFileDirectory)include\stopwatch.h">
      <Filter>include</Filter>
    </ClInclude>
    <ClInclude Include="$(MSBuildThisFileDirectory)include\stream.h">
      <Filter>include</Filter>
    </ClInclude>
    <ClInclude Include="$(MSBuildThisFileDirectory)include\systick.h">
      <Filter>include</Filter>
    </ClInclude>
    <ClInclude Include="$(MSBuildThisFileDirectory)include\timer.h">
      <Filter>include</Filter>
    </ClInclude>
    <ClInclude Include="$(MSBuildThisFileDirectory)include\trace.h">
      <Filter>include</Filter>
    </ClInclude>
    <ClInclude Include="$(MSBuildThisFileDirectory)include\uart.h">
      <Filter>include</Filter>
    </ClInclude>
    <ClInclude Include="$(MSBuildThisFileDirectory)include\f1xx\clocks.h">
      <Filter>include\f1xx</Filter>
    </ClInclude>
    <ClInclude Include="$(MSBuildThisFileDirectory)include\f1xx\delay.h">
      <Filter>include\f1xx</Filter>
    </ClInclude>
    <ClInclude Include="$(MSBuildThisFileDirectory)include\f1xx\dma.h">
      <Filter>include\f1xx</Filter>
    </ClInclude>
    <ClInclude Include="$(MSBuildThisFileDirectory)include\f1xx\dma-cfgs.h">
      <Filter>include\f1xx</Filter>
    </ClInclude>
    <ClInclude Include="$(MSBuildThisFileDirectory)include\f1xx\exti.h">
      <Filter>include\f1xx</Filter>
    </ClInclude>
    <ClInclude Include="$(MSBuildThisFileDirectory)include\f1xx\gpio.h">
      <Filter>include\f1xx</Filter>
    </ClInclude>
    <ClInclude Include="$(MSBuildThisFileDirectory)include\f1xx\gpio-types.h">
      <Filter>include\f1xx</Filter>
    </ClInclude>
    <ClInclude Include="$(MSBuildThisFileDirectory)include\f1xx\pinremap.h">
      <Filter>include\f1xx</Filter>
    </ClInclude>
    <ClInclude Include="$(MSBuildThisFileDirectory)include\f1xx\system.h">
      <Filter>include\f1xx</Filter>
    </ClInclude>
    <ClInclude Include="$(MSBuildThisFileDirectory)include\f1xx\timer.h">
      <Filter>include\f1xx</Filter>
    </ClInclude>
    <ClInclude Include="$(MSBuildThisFileDirectory)include\f1xx\uart.h">
      <Filter>include\f1xx</Filter>
    </ClInclude>
    <ClInclude Include="$(MSBuildThisFileDirectory)include\g4xx\clocks.h">
      <Filter>include\g4xx</Filter>
    </ClInclude>
    <ClInclude Include="$(MSBuildThisFileDirectory)include\g4xx\delay.h">
      <Filter>include\g4xx</Filter>
    </ClInclude>
    <ClInclude Include="$(MSBuildThisFileDirectory)include\g4xx\dma.h">
      <Filter>include\g4xx</Filter>
    </ClInclude>
    <ClInclude Include="$(MSBuildThisFileDirectory)include\g4xx\dma-cfgs.h">
      <Filter>include\g4xx</Filter>
    </ClInclude>
    <ClInclude Include="$(MSBuildThisFileDirectory)include\g4xx\dmamux.h">
      <Filter>include\g4xx</Filter>
    </ClInclude>
    <ClInclude Include="$(MSBuildThisFileDirectory)include\g4xx\exti.h">
      <Filter>include\g4xx</Filter>
    </ClInclude>
    <ClInclude Include="$(MSBuildThisFileDirectory)include\g4xx\gpio.h">
      <Filter>include\g4xx</Filter>
    </ClInclude>
    <ClInclude Include="$(MSBuildThisFileDirectory)include\g4xx\gpio-types.h">
      <Filter>include\g4xx</Filter>
    </ClInclude>
    <ClInclude Include="$(MSBuildThisFileDirectory)include\g4xx\pinremap.h">
      <Filter>include\g4xx</Filter>
    </ClInclude>
    <ClInclude Include="$(MSBuildThisFileDirectory)include\g4xx\system.h">
      <Filter>include\g4xx</Filter>
    </ClInclude>
    <ClInclude Include="$(MSBuildThisFileDirectory)include\g4xx\timer.h">
      <Filter>include\g4xx</Filter>
    </ClInclude>
    <ClInclude Include="$(MSBuildThisFileDirectory)include\g4xx\uart.h">
      <Filter>include\g4xx</Filter>
    </ClInclude>
    <ClInclude Include="$(MSBuildThisFileDirectory)include\kits\lcd1602.h">
      <Filter>include\kits</Filter>
    </ClInclude>
    <ClInclude Include="$(MSBuildThisFileDirectory)include\l4xx\clocks.h">
      <Filter>include\l4xx</Filter>
    </ClInclude>
    <ClInclude Include="$(MSBuildThisFileDirectory)include\l4xx\delay.h">
      <Filter>include\l4xx</Filter>
    </ClInclude>
    <ClInclude Include="$(MSBuildThisFileDirectory)include\l4xx\dma.h">
      <Filter>include\l4xx</Filter>
    </ClInclude>
    <ClInclude Include="$(MSBuildThisFileDirectory)include\l4xx\dma-cfgs.h">
      <Filter>include\l4xx</Filter>
    </ClInclude>
    <ClInclude Include="$(MSBuildThisFileDirectory)include\l4xx\exti.h">
      <Filter>include\l4xx</Filter>
    </ClInclude>
    <ClInclude Include="$(MSBuildThisFileDirectory)include\l4xx\gpio.h">
      <Filter>include\l4xx</Filter>
    </ClInclude>
    <ClInclude Include="$(MSBuildThisFileDirectory)include\l4xx\gpio-types.h">
      <Filter>include\l4xx</Filter>
    </ClInclude>
    <ClInclude Include="$(MSBuildThisFileDirectory)include\l4xx\pinremap.h">
      <Filter>include\l4xx</Filter>
    </ClInclude>
    <ClInclude Include="$(MSBuildThisFileDirectory)include\l4xx\system.h">
      <Filter>include\l4xx</Filter>
    </ClInclude>
    <ClInclude Include="$(MSBuildThisFileDirectory)include\l4xx\timer.h">
      <Filter>include\l4xx</Filter>
    </ClInclude>
    <ClInclude Include="$(MSBuildThisFileDirectory)include\l4xx\uart.h">
      <Filter>include\l4xx</Filter>
    </ClInclude>
    <ClInclude Include="$(MSBuildThisFileDirectory)include\shared\AnyHse.h">
      <Filter>include\shared</Filter>
    </ClInclude>
    <ClInclude Include="$(MSBuildThisFileDirectory)include\shared\AnyHsi.h">
      <Filter>include\shared</Filter>
    </ClInclude>
    <ClInclude Include="$(MSBuildThisFileDirectory)include\shared\AnyLse.h">
      <Filter>include\shared</Filter>
    </ClInclude>
    <ClInclude Include="$(MSBuildThisFileDirectory)include\shared\AnyLsi.h">
      <Filter>include\shared</Filter>
    </ClInclude>
    <ClInclude Include="$(MSBuildThisFileDirectory)include\shared\AnyMsi.h">
      <Filter>include\shared</Filter>
    </ClInclude>
    <ClInclude Include="$(MSBuildThisFileDirectory)include\shared\AnyPllVco.4xx.h">
      <Filter>include\shared</Filter>
    </ClInclude>
    <ClInclude Include="$(MSBuildThisFileDirectory)include\shared\AnyPllVco.h">
      <Filter>include\shared</Filter>
    </ClInclude>
    <ClInclude Include="$(MSBuildThisFileDirectory)include\dummy.h">
      <Filter>include</Filter>
    </ClInclude>
  </ItemGroup>
</Project>